// !$*UTF8*$!
{
	archiveVersion = 1;
	classes = {
	};
	objectVersion = 46;
	objects = {

/* Begin PBXBuildFile section */
		0BA918AB5D2FD40AFF092FC2 /* Pods_TechniqueAnalysis_Tests.framework in Frameworks */ = {isa = PBXBuildFile; fileRef = A872C7D8C03FF575FB99109B /* Pods_TechniqueAnalysis_Tests.framework */; };
		0F55CE952203B2BF00CAF55B /* VideoManager.swift in Sources */ = {isa = PBXBuildFile; fileRef = 0F55CE942203B2BF00CAF55B /* VideoManager.swift */; };
		0F55CE962203B57E00CAF55B /* test_bw-squat_bad-heels_front.mov in Resources */ = {isa = PBXBuildFile; fileRef = 0F55CE442203B0EF00CAF55B /* test_bw-squat_bad-heels_front.mov */; };
		0F55CE972203B57E00CAF55B /* test_bw-squat_bad-heels_left.mov in Resources */ = {isa = PBXBuildFile; fileRef = 0F55CE472203B0F000CAF55B /* test_bw-squat_bad-heels_left.mov */; };
		0F55CE982203B57E00CAF55B /* test_bw-squat_bad-upper-body_front.mov in Resources */ = {isa = PBXBuildFile; fileRef = 0F55CE3B2203B0EF00CAF55B /* test_bw-squat_bad-upper-body_front.mov */; };
		0F55CE992203B57E00CAF55B /* test_bw-squat_bad-upper-body_left.mov in Resources */ = {isa = PBXBuildFile; fileRef = 0F55CE3E2203B0EF00CAF55B /* test_bw-squat_bad-upper-body_left.mov */; };
		0F55CE9A2203B57E00CAF55B /* test_bw-squat_correct_front.mov in Resources */ = {isa = PBXBuildFile; fileRef = 0F55CE3D2203B0EF00CAF55B /* test_bw-squat_correct_front.mov */; };
		0F55CE9B2203B57E00CAF55B /* test_bw-squat_correct_left.mov in Resources */ = {isa = PBXBuildFile; fileRef = 0F55CE3A2203B0EF00CAF55B /* test_bw-squat_correct_left.mov */; };
		0F55CE9C2203B57E00CAF55B /* test_pull-up_chin-below-bar_back.mov in Resources */ = {isa = PBXBuildFile; fileRef = 0F55CE402203B0EF00CAF55B /* test_pull-up_chin-below-bar_back.mov */; };
		0F55CE9D2203B57E00CAF55B /* test_pull-up_chin-below-bar_front.mov in Resources */ = {isa = PBXBuildFile; fileRef = 0F55CE462203B0F000CAF55B /* test_pull-up_chin-below-bar_front.mov */; };
		0F55CE9E2203B57E00CAF55B /* test_pull-up_chin-below-bar_right.mov in Resources */ = {isa = PBXBuildFile; fileRef = 0F55CE452203B0EF00CAF55B /* test_pull-up_chin-below-bar_right.mov */; };
		0F55CE9F2203B57E00CAF55B /* test_pull-up_correct_back.mov in Resources */ = {isa = PBXBuildFile; fileRef = 0F55CE4D2203B0F000CAF55B /* test_pull-up_correct_back.mov */; };
		0F55CEA02203B57E00CAF55B /* test_pull-up_correct_front.mov in Resources */ = {isa = PBXBuildFile; fileRef = 0F55CE482203B0F000CAF55B /* test_pull-up_correct_front.mov */; };
		0F55CEA12203B57E00CAF55B /* test_pull-up_correct_right.mov in Resources */ = {isa = PBXBuildFile; fileRef = 0F55CE4E2203B0F000CAF55B /* test_pull-up_correct_right.mov */; };
		0F55CEA22203B57E00CAF55B /* test_pull-up_kipping_back.mov in Resources */ = {isa = PBXBuildFile; fileRef = 0F55CE492203B0F000CAF55B /* test_pull-up_kipping_back.mov */; };
		0F55CEA32203B57E00CAF55B /* test_pull-up_kipping_front.mov in Resources */ = {isa = PBXBuildFile; fileRef = 0F55CE4A2203B0F000CAF55B /* test_pull-up_kipping_front.mov */; };
		0F55CEA42203B57E00CAF55B /* test_pull-up_kipping_right.mov in Resources */ = {isa = PBXBuildFile; fileRef = 0F55CE3C2203B0EF00CAF55B /* test_pull-up_kipping_right.mov */; };
		0F55CEA52203B57E00CAF55B /* test_push-up_correct_front.mov in Resources */ = {isa = PBXBuildFile; fileRef = 0F55CE412203B0EF00CAF55B /* test_push-up_correct_front.mov */; };
		0F55CEA62203B57E00CAF55B /* test_push-up_correct_left.mov in Resources */ = {isa = PBXBuildFile; fileRef = 0F55CE4B2203B0F000CAF55B /* test_push-up_correct_left.mov */; };
		0F55CEA72203B57E00CAF55B /* test_push-up_upper-body-first_front.mov in Resources */ = {isa = PBXBuildFile; fileRef = 0F55CE4C2203B0F000CAF55B /* test_push-up_upper-body-first_front.mov */; };
		0F55CEA82203B57E00CAF55B /* test_push-up_upper-body-first_left.mov in Resources */ = {isa = PBXBuildFile; fileRef = 0F55CE432203B0EF00CAF55B /* test_push-up_upper-body-first_left.mov */; };
		0F55CEA92203B57E00CAF55B /* test_push-up_wide-arms_front.mov in Resources */ = {isa = PBXBuildFile; fileRef = 0F55CE422203B0EF00CAF55B /* test_push-up_wide-arms_front.mov */; };
		0F55CEAA2203B57E00CAF55B /* test_push-up_wide-arms_left.mov in Resources */ = {isa = PBXBuildFile; fileRef = 0F55CE3F2203B0EF00CAF55B /* test_push-up_wide-arms_left.mov */; };
		0F55CEAB2203B58C00CAF55B /* bw-squat_bad-heels_front.mov in Resources */ = {isa = PBXBuildFile; fileRef = 0F55CE702203B11600CAF55B /* bw-squat_bad-heels_front.mov */; };
		0F55CEAC2203B58C00CAF55B /* bw-squat_bad-heels_right.mov in Resources */ = {isa = PBXBuildFile; fileRef = 0F55CE692203B11600CAF55B /* bw-squat_bad-heels_right.mov */; };
		0F55CEAD2203B58C00CAF55B /* bw-squat_bad-upper-body_front.mov in Resources */ = {isa = PBXBuildFile; fileRef = 0F55CE732203B11700CAF55B /* bw-squat_bad-upper-body_front.mov */; };
		0F55CEAE2203B58C00CAF55B /* bw-squat_bad-upper-body_right.mov in Resources */ = {isa = PBXBuildFile; fileRef = 0F55CE642203B11600CAF55B /* bw-squat_bad-upper-body_right.mov */; };
		0F55CEAF2203B58C00CAF55B /* bw-squat_caving-knees_front.mov in Resources */ = {isa = PBXBuildFile; fileRef = 0F55CE792203B11700CAF55B /* bw-squat_caving-knees_front.mov */; };
		0F55CEB02203B58C00CAF55B /* bw-squat_caving-knees_right.mov in Resources */ = {isa = PBXBuildFile; fileRef = 0F55CE772203B11700CAF55B /* bw-squat_caving-knees_right.mov */; };
		0F55CEB12203B58C00CAF55B /* bw-squat_correct_front.mov in Resources */ = {isa = PBXBuildFile; fileRef = 0F55CE6E2203B11600CAF55B /* bw-squat_correct_front.mov */; };
		0F55CEB22203B58C00CAF55B /* bw-squat_correct_right.mov in Resources */ = {isa = PBXBuildFile; fileRef = 0F55CE762203B11700CAF55B /* bw-squat_correct_right.mov */; };
		0F55CEB32203B58C00CAF55B /* pull-up_chin-below-bar_back.mov in Resources */ = {isa = PBXBuildFile; fileRef = 0F55CE752203B11700CAF55B /* pull-up_chin-below-bar_back.mov */; };
		0F55CEB42203B58C00CAF55B /* pull-up_chin-below-bar_front.mov in Resources */ = {isa = PBXBuildFile; fileRef = 0F55CE6F2203B11600CAF55B /* pull-up_chin-below-bar_front.mov */; };
		0F55CEB52203B58C00CAF55B /* pull-up_chin-below-bar_right.mov in Resources */ = {isa = PBXBuildFile; fileRef = 0F55CE6C2203B11600CAF55B /* pull-up_chin-below-bar_right.mov */; };
		0F55CEB62203B58C00CAF55B /* pull-up_correct_back.mov in Resources */ = {isa = PBXBuildFile; fileRef = 0F55CE7A2203B11700CAF55B /* pull-up_correct_back.mov */; };
		0F55CEB72203B58C00CAF55B /* pull-up_correct_front.mov in Resources */ = {isa = PBXBuildFile; fileRef = 0F55CE662203B11600CAF55B /* pull-up_correct_front.mov */; };
		0F55CEB82203B58C00CAF55B /* pull-up_correct_right.mov in Resources */ = {isa = PBXBuildFile; fileRef = 0F55CE6B2203B11600CAF55B /* pull-up_correct_right.mov */; };
		0F55CEB92203B58C00CAF55B /* pull-up_kipping_back.mov in Resources */ = {isa = PBXBuildFile; fileRef = 0F55CE672203B11600CAF55B /* pull-up_kipping_back.mov */; };
		0F55CEBA2203B58C00CAF55B /* pull-up_kipping_front.mov in Resources */ = {isa = PBXBuildFile; fileRef = 0F55CE682203B11600CAF55B /* pull-up_kipping_front.mov */; };
		0F55CEBB2203B58C00CAF55B /* pull-up_kipping_right.mov in Resources */ = {isa = PBXBuildFile; fileRef = 0F55CE712203B11600CAF55B /* pull-up_kipping_right.mov */; };
		0F55CEBC2203B58C00CAF55B /* push-up_correct_front.mov in Resources */ = {isa = PBXBuildFile; fileRef = 0F55CE6D2203B11600CAF55B /* push-up_correct_front.mov */; };
		0F55CEBD2203B58C00CAF55B /* push-up_correct_left.mov in Resources */ = {isa = PBXBuildFile; fileRef = 0F55CE742203B11700CAF55B /* push-up_correct_left.mov */; };
		0F55CEBE2203B58C00CAF55B /* push-up_upper-body-first_front.mov in Resources */ = {isa = PBXBuildFile; fileRef = 0F55CE6A2203B11600CAF55B /* push-up_upper-body-first_front.mov */; };
		0F55CEBF2203B58C00CAF55B /* push-up_upper-body-first_left.mov in Resources */ = {isa = PBXBuildFile; fileRef = 0F55CE652203B11600CAF55B /* push-up_upper-body-first_left.mov */; };
		0F55CEC02203B58C00CAF55B /* push-up_wide-arms_front.mov in Resources */ = {isa = PBXBuildFile; fileRef = 0F55CE722203B11600CAF55B /* push-up_wide-arms_front.mov */; };
		0F55CEC12203B58C00CAF55B /* push-up_wide-arms_left.mov in Resources */ = {isa = PBXBuildFile; fileRef = 0F55CE782203B11700CAF55B /* push-up_wide-arms_left.mov */; };
		0F9A694A21C7083A000502B7 /* RootController.swift in Sources */ = {isa = PBXBuildFile; fileRef = 0F9A693D21C7083A000502B7 /* RootController.swift */; };
		0F9A694B21C7083A000502B7 /* HeatmapController.swift in Sources */ = {isa = PBXBuildFile; fileRef = 0F9A693E21C7083A000502B7 /* HeatmapController.swift */; };
		0F9A694C21C7083A000502B7 /* JointController.swift in Sources */ = {isa = PBXBuildFile; fileRef = 0F9A693F21C7083A000502B7 /* JointController.swift */; };
		0F9A694D21C7083A000502B7 /* LabelCell.xib in Resources */ = {isa = PBXBuildFile; fileRef = 0F9A694121C7083A000502B7 /* LabelCell.xib */; };
		0F9A694E21C7083A000502B7 /* RootController.xib in Resources */ = {isa = PBXBuildFile; fileRef = 0F9A694221C7083A000502B7 /* RootController.xib */; };
		0F9A694F21C7083A000502B7 /* LaunchScreen.xib in Resources */ = {isa = PBXBuildFile; fileRef = 0F9A694321C7083A000502B7 /* LaunchScreen.xib */; };
		0F9A695021C7083A000502B7 /* HeatmapController.xib in Resources */ = {isa = PBXBuildFile; fileRef = 0F9A694521C7083A000502B7 /* HeatmapController.xib */; };
		0F9A695121C7083A000502B7 /* LabelCell.swift in Sources */ = {isa = PBXBuildFile; fileRef = 0F9A694621C7083A000502B7 /* LabelCell.swift */; };
		0F9A695221C7083A000502B7 /* JointController.xib in Resources */ = {isa = PBXBuildFile; fileRef = 0F9A694721C7083A000502B7 /* JointController.xib */; };
		0F9A695321C7083A000502B7 /* RootCoordinator.swift in Sources */ = {isa = PBXBuildFile; fileRef = 0F9A694921C7083A000502B7 /* RootCoordinator.swift */; };
		0F9A695521C7085A000502B7 /* BodyPart+Additions.swift in Sources */ = {isa = PBXBuildFile; fileRef = 0F9A695421C7085A000502B7 /* BodyPart+Additions.swift */; };
		231AE2EB9B3F00CD1D9E0E3D /* Pods_TechniqueAnalysis_Example.framework in Frameworks */ = {isa = PBXBuildFile; fileRef = 6E75238D061C1DCA3A28F1F5 /* Pods_TechniqueAnalysis_Example.framework */; };
		607FACD61AFB9204008FA782 /* AppDelegate.swift in Sources */ = {isa = PBXBuildFile; fileRef = 607FACD51AFB9204008FA782 /* AppDelegate.swift */; };
		607FACDD1AFB9204008FA782 /* Images.xcassets in Resources */ = {isa = PBXBuildFile; fileRef = 607FACDC1AFB9204008FA782 /* Images.xcassets */; };
		607FACEC1AFB9204008FA782 /* Tests.swift in Sources */ = {isa = PBXBuildFile; fileRef = 607FACEB1AFB9204008FA782 /* Tests.swift */; };
		692CF3D722045DF100FC5D00 /* VideoSelectionController.xib in Resources */ = {isa = PBXBuildFile; fileRef = 692CF3D622045DF100FC5D00 /* VideoSelectionController.xib */; };
		692CF3D922046F0A00FC5D00 /* VideoSelectionController.swift in Sources */ = {isa = PBXBuildFile; fileRef = 692CF3D822046F0A00FC5D00 /* VideoSelectionController.swift */; };
		692CF3DB2204708700FC5D00 /* VideoCell.xib in Resources */ = {isa = PBXBuildFile; fileRef = 692CF3DA2204708700FC5D00 /* VideoCell.xib */; };
		692CF3DD2204711100FC5D00 /* VideoCell.swift in Sources */ = {isa = PBXBuildFile; fileRef = 692CF3DC2204711100FC5D00 /* VideoCell.swift */; };
		6935FF222200A02D005E4FAA /* AnalysisController.swift in Sources */ = {isa = PBXBuildFile; fileRef = 6935FF212200A02D005E4FAA /* AnalysisController.swift */; };
		6935FF242200AE00005E4FAA /* AnalysisController.xib in Resources */ = {isa = PBXBuildFile; fileRef = 6935FF232200AE00005E4FAA /* AnalysisController.xib */; };
		6935FF2B2202F438005E4FAA /* Array+Additions.swift in Sources */ = {isa = PBXBuildFile; fileRef = 6935FF2A2202F438005E4FAA /* Array+Additions.swift */; };
		69E32C912209D68500EF84F0 /* CacheManager.swift in Sources */ = {isa = PBXBuildFile; fileRef = 69E32C902209D68500EF84F0 /* CacheManager.swift */; };
		69E32C932209DDAE00EF84F0 /* FileNamer.swift in Sources */ = {isa = PBXBuildFile; fileRef = 69E32C922209DDAE00EF84F0 /* FileNamer.swift */; };
/* End PBXBuildFile section */

/* Begin PBXContainerItemProxy section */
		607FACE61AFB9204008FA782 /* PBXContainerItemProxy */ = {
			isa = PBXContainerItemProxy;
			containerPortal = 607FACC81AFB9204008FA782 /* Project object */;
			proxyType = 1;
			remoteGlobalIDString = 607FACCF1AFB9204008FA782;
			remoteInfo = TechniqueAnalysis;
		};
/* End PBXContainerItemProxy section */

/* Begin PBXFileReference section */
		03C4E4CAFAED6DB9633D4AD7 /* TechniqueAnalysis.podspec */ = {isa = PBXFileReference; includeInIndex = 1; lastKnownFileType = text; name = TechniqueAnalysis.podspec; path = ../TechniqueAnalysis.podspec; sourceTree = "<group>"; };
		0CB2040436CAF317D88C8496 /* README.md */ = {isa = PBXFileReference; includeInIndex = 1; lastKnownFileType = net.daringfireball.markdown; name = README.md; path = ../README.md; sourceTree = "<group>"; };
		0F55CE3A2203B0EF00CAF55B /* test_bw-squat_correct_left.mov */ = {isa = PBXFileReference; lastKnownFileType = video.quicktime; path = "test_bw-squat_correct_left.mov"; sourceTree = "<group>"; };
		0F55CE3B2203B0EF00CAF55B /* test_bw-squat_bad-upper-body_front.mov */ = {isa = PBXFileReference; lastKnownFileType = video.quicktime; path = "test_bw-squat_bad-upper-body_front.mov"; sourceTree = "<group>"; };
		0F55CE3C2203B0EF00CAF55B /* test_pull-up_kipping_right.mov */ = {isa = PBXFileReference; lastKnownFileType = video.quicktime; path = "test_pull-up_kipping_right.mov"; sourceTree = "<group>"; };
		0F55CE3D2203B0EF00CAF55B /* test_bw-squat_correct_front.mov */ = {isa = PBXFileReference; lastKnownFileType = video.quicktime; path = "test_bw-squat_correct_front.mov"; sourceTree = "<group>"; };
		0F55CE3E2203B0EF00CAF55B /* test_bw-squat_bad-upper-body_left.mov */ = {isa = PBXFileReference; lastKnownFileType = video.quicktime; path = "test_bw-squat_bad-upper-body_left.mov"; sourceTree = "<group>"; };
		0F55CE3F2203B0EF00CAF55B /* test_push-up_wide-arms_left.mov */ = {isa = PBXFileReference; lastKnownFileType = video.quicktime; path = "test_push-up_wide-arms_left.mov"; sourceTree = "<group>"; };
		0F55CE402203B0EF00CAF55B /* test_pull-up_chin-below-bar_back.mov */ = {isa = PBXFileReference; lastKnownFileType = video.quicktime; path = "test_pull-up_chin-below-bar_back.mov"; sourceTree = "<group>"; };
		0F55CE412203B0EF00CAF55B /* test_push-up_correct_front.mov */ = {isa = PBXFileReference; lastKnownFileType = video.quicktime; path = "test_push-up_correct_front.mov"; sourceTree = "<group>"; };
		0F55CE422203B0EF00CAF55B /* test_push-up_wide-arms_front.mov */ = {isa = PBXFileReference; lastKnownFileType = video.quicktime; path = "test_push-up_wide-arms_front.mov"; sourceTree = "<group>"; };
		0F55CE432203B0EF00CAF55B /* test_push-up_upper-body-first_left.mov */ = {isa = PBXFileReference; lastKnownFileType = video.quicktime; path = "test_push-up_upper-body-first_left.mov"; sourceTree = "<group>"; };
		0F55CE442203B0EF00CAF55B /* test_bw-squat_bad-heels_front.mov */ = {isa = PBXFileReference; lastKnownFileType = video.quicktime; path = "test_bw-squat_bad-heels_front.mov"; sourceTree = "<group>"; };
		0F55CE452203B0EF00CAF55B /* test_pull-up_chin-below-bar_right.mov */ = {isa = PBXFileReference; lastKnownFileType = video.quicktime; path = "test_pull-up_chin-below-bar_right.mov"; sourceTree = "<group>"; };
		0F55CE462203B0F000CAF55B /* test_pull-up_chin-below-bar_front.mov */ = {isa = PBXFileReference; lastKnownFileType = video.quicktime; path = "test_pull-up_chin-below-bar_front.mov"; sourceTree = "<group>"; };
		0F55CE472203B0F000CAF55B /* test_bw-squat_bad-heels_left.mov */ = {isa = PBXFileReference; lastKnownFileType = video.quicktime; path = "test_bw-squat_bad-heels_left.mov"; sourceTree = "<group>"; };
		0F55CE482203B0F000CAF55B /* test_pull-up_correct_front.mov */ = {isa = PBXFileReference; lastKnownFileType = video.quicktime; path = "test_pull-up_correct_front.mov"; sourceTree = "<group>"; };
		0F55CE492203B0F000CAF55B /* test_pull-up_kipping_back.mov */ = {isa = PBXFileReference; lastKnownFileType = video.quicktime; path = "test_pull-up_kipping_back.mov"; sourceTree = "<group>"; };
		0F55CE4A2203B0F000CAF55B /* test_pull-up_kipping_front.mov */ = {isa = PBXFileReference; lastKnownFileType = video.quicktime; path = "test_pull-up_kipping_front.mov"; sourceTree = "<group>"; };
		0F55CE4B2203B0F000CAF55B /* test_push-up_correct_left.mov */ = {isa = PBXFileReference; lastKnownFileType = video.quicktime; path = "test_push-up_correct_left.mov"; sourceTree = "<group>"; };
		0F55CE4C2203B0F000CAF55B /* test_push-up_upper-body-first_front.mov */ = {isa = PBXFileReference; lastKnownFileType = video.quicktime; path = "test_push-up_upper-body-first_front.mov"; sourceTree = "<group>"; };
		0F55CE4D2203B0F000CAF55B /* test_pull-up_correct_back.mov */ = {isa = PBXFileReference; lastKnownFileType = video.quicktime; path = "test_pull-up_correct_back.mov"; sourceTree = "<group>"; };
		0F55CE4E2203B0F000CAF55B /* test_pull-up_correct_right.mov */ = {isa = PBXFileReference; lastKnownFileType = video.quicktime; path = "test_pull-up_correct_right.mov"; sourceTree = "<group>"; };
		0F55CE642203B11600CAF55B /* bw-squat_bad-upper-body_right.mov */ = {isa = PBXFileReference; lastKnownFileType = video.quicktime; path = "bw-squat_bad-upper-body_right.mov"; sourceTree = "<group>"; };
		0F55CE652203B11600CAF55B /* push-up_upper-body-first_left.mov */ = {isa = PBXFileReference; lastKnownFileType = video.quicktime; path = "push-up_upper-body-first_left.mov"; sourceTree = "<group>"; };
		0F55CE662203B11600CAF55B /* pull-up_correct_front.mov */ = {isa = PBXFileReference; lastKnownFileType = video.quicktime; path = "pull-up_correct_front.mov"; sourceTree = "<group>"; };
		0F55CE672203B11600CAF55B /* pull-up_kipping_back.mov */ = {isa = PBXFileReference; lastKnownFileType = video.quicktime; path = "pull-up_kipping_back.mov"; sourceTree = "<group>"; };
		0F55CE682203B11600CAF55B /* pull-up_kipping_front.mov */ = {isa = PBXFileReference; lastKnownFileType = video.quicktime; path = "pull-up_kipping_front.mov"; sourceTree = "<group>"; };
		0F55CE692203B11600CAF55B /* bw-squat_bad-heels_right.mov */ = {isa = PBXFileReference; lastKnownFileType = video.quicktime; path = "bw-squat_bad-heels_right.mov"; sourceTree = "<group>"; };
		0F55CE6A2203B11600CAF55B /* push-up_upper-body-first_front.mov */ = {isa = PBXFileReference; lastKnownFileType = video.quicktime; path = "push-up_upper-body-first_front.mov"; sourceTree = "<group>"; };
		0F55CE6B2203B11600CAF55B /* pull-up_correct_right.mov */ = {isa = PBXFileReference; lastKnownFileType = video.quicktime; path = "pull-up_correct_right.mov"; sourceTree = "<group>"; };
		0F55CE6C2203B11600CAF55B /* pull-up_chin-below-bar_right.mov */ = {isa = PBXFileReference; lastKnownFileType = video.quicktime; path = "pull-up_chin-below-bar_right.mov"; sourceTree = "<group>"; };
		0F55CE6D2203B11600CAF55B /* push-up_correct_front.mov */ = {isa = PBXFileReference; lastKnownFileType = video.quicktime; path = "push-up_correct_front.mov"; sourceTree = "<group>"; };
		0F55CE6E2203B11600CAF55B /* bw-squat_correct_front.mov */ = {isa = PBXFileReference; lastKnownFileType = video.quicktime; path = "bw-squat_correct_front.mov"; sourceTree = "<group>"; };
		0F55CE6F2203B11600CAF55B /* pull-up_chin-below-bar_front.mov */ = {isa = PBXFileReference; lastKnownFileType = video.quicktime; path = "pull-up_chin-below-bar_front.mov"; sourceTree = "<group>"; };
		0F55CE702203B11600CAF55B /* bw-squat_bad-heels_front.mov */ = {isa = PBXFileReference; lastKnownFileType = video.quicktime; path = "bw-squat_bad-heels_front.mov"; sourceTree = "<group>"; };
		0F55CE712203B11600CAF55B /* pull-up_kipping_right.mov */ = {isa = PBXFileReference; lastKnownFileType = video.quicktime; path = "pull-up_kipping_right.mov"; sourceTree = "<group>"; };
		0F55CE722203B11600CAF55B /* push-up_wide-arms_front.mov */ = {isa = PBXFileReference; lastKnownFileType = video.quicktime; path = "push-up_wide-arms_front.mov"; sourceTree = "<group>"; };
		0F55CE732203B11700CAF55B /* bw-squat_bad-upper-body_front.mov */ = {isa = PBXFileReference; lastKnownFileType = video.quicktime; path = "bw-squat_bad-upper-body_front.mov"; sourceTree = "<group>"; };
		0F55CE742203B11700CAF55B /* push-up_correct_left.mov */ = {isa = PBXFileReference; lastKnownFileType = video.quicktime; path = "push-up_correct_left.mov"; sourceTree = "<group>"; };
		0F55CE752203B11700CAF55B /* pull-up_chin-below-bar_back.mov */ = {isa = PBXFileReference; lastKnownFileType = video.quicktime; path = "pull-up_chin-below-bar_back.mov"; sourceTree = "<group>"; };
		0F55CE762203B11700CAF55B /* bw-squat_correct_right.mov */ = {isa = PBXFileReference; lastKnownFileType = video.quicktime; path = "bw-squat_correct_right.mov"; sourceTree = "<group>"; };
		0F55CE772203B11700CAF55B /* bw-squat_caving-knees_right.mov */ = {isa = PBXFileReference; lastKnownFileType = video.quicktime; path = "bw-squat_caving-knees_right.mov"; sourceTree = "<group>"; };
		0F55CE782203B11700CAF55B /* push-up_wide-arms_left.mov */ = {isa = PBXFileReference; lastKnownFileType = video.quicktime; path = "push-up_wide-arms_left.mov"; sourceTree = "<group>"; };
		0F55CE792203B11700CAF55B /* bw-squat_caving-knees_front.mov */ = {isa = PBXFileReference; lastKnownFileType = video.quicktime; path = "bw-squat_caving-knees_front.mov"; sourceTree = "<group>"; };
		0F55CE7A2203B11700CAF55B /* pull-up_correct_back.mov */ = {isa = PBXFileReference; lastKnownFileType = video.quicktime; path = "pull-up_correct_back.mov"; sourceTree = "<group>"; };
		0F55CE942203B2BF00CAF55B /* VideoManager.swift */ = {isa = PBXFileReference; lastKnownFileType = sourcecode.swift; path = VideoManager.swift; sourceTree = "<group>"; };
		0F9A693D21C7083A000502B7 /* RootController.swift */ = {isa = PBXFileReference; fileEncoding = 4; lastKnownFileType = sourcecode.swift; path = RootController.swift; sourceTree = "<group>"; };
		0F9A693E21C7083A000502B7 /* HeatmapController.swift */ = {isa = PBXFileReference; fileEncoding = 4; lastKnownFileType = sourcecode.swift; path = HeatmapController.swift; sourceTree = "<group>"; };
		0F9A693F21C7083A000502B7 /* JointController.swift */ = {isa = PBXFileReference; fileEncoding = 4; lastKnownFileType = sourcecode.swift; path = JointController.swift; sourceTree = "<group>"; };
		0F9A694121C7083A000502B7 /* LabelCell.xib */ = {isa = PBXFileReference; fileEncoding = 4; lastKnownFileType = file.xib; path = LabelCell.xib; sourceTree = "<group>"; };
		0F9A694221C7083A000502B7 /* RootController.xib */ = {isa = PBXFileReference; fileEncoding = 4; lastKnownFileType = file.xib; path = RootController.xib; sourceTree = "<group>"; };
		0F9A694421C7083A000502B7 /* Base */ = {isa = PBXFileReference; lastKnownFileType = file.xib; name = Base; path = Base.lproj/LaunchScreen.xib; sourceTree = "<group>"; };
		0F9A694521C7083A000502B7 /* HeatmapController.xib */ = {isa = PBXFileReference; fileEncoding = 4; lastKnownFileType = file.xib; path = HeatmapController.xib; sourceTree = "<group>"; };
		0F9A694621C7083A000502B7 /* LabelCell.swift */ = {isa = PBXFileReference; fileEncoding = 4; lastKnownFileType = sourcecode.swift; path = LabelCell.swift; sourceTree = "<group>"; };
		0F9A694721C7083A000502B7 /* JointController.xib */ = {isa = PBXFileReference; fileEncoding = 4; lastKnownFileType = file.xib; path = JointController.xib; sourceTree = "<group>"; };
		0F9A694921C7083A000502B7 /* RootCoordinator.swift */ = {isa = PBXFileReference; fileEncoding = 4; lastKnownFileType = sourcecode.swift; path = RootCoordinator.swift; sourceTree = "<group>"; };
		0F9A695421C7085A000502B7 /* BodyPart+Additions.swift */ = {isa = PBXFileReference; fileEncoding = 4; lastKnownFileType = sourcecode.swift; path = "BodyPart+Additions.swift"; sourceTree = "<group>"; };
		607FACD01AFB9204008FA782 /* TechniqueAnalysis_Example.app */ = {isa = PBXFileReference; explicitFileType = wrapper.application; includeInIndex = 0; path = TechniqueAnalysis_Example.app; sourceTree = BUILT_PRODUCTS_DIR; };
		607FACD41AFB9204008FA782 /* Info.plist */ = {isa = PBXFileReference; lastKnownFileType = text.plist.xml; path = Info.plist; sourceTree = "<group>"; };
		607FACD51AFB9204008FA782 /* AppDelegate.swift */ = {isa = PBXFileReference; lastKnownFileType = sourcecode.swift; path = AppDelegate.swift; sourceTree = "<group>"; };
		607FACDC1AFB9204008FA782 /* Images.xcassets */ = {isa = PBXFileReference; lastKnownFileType = folder.assetcatalog; path = Images.xcassets; sourceTree = "<group>"; };
		607FACE51AFB9204008FA782 /* TechniqueAnalysis_Tests.xctest */ = {isa = PBXFileReference; explicitFileType = wrapper.cfbundle; includeInIndex = 0; path = TechniqueAnalysis_Tests.xctest; sourceTree = BUILT_PRODUCTS_DIR; };
		607FACEA1AFB9204008FA782 /* Info.plist */ = {isa = PBXFileReference; lastKnownFileType = text.plist.xml; path = Info.plist; sourceTree = "<group>"; };
		607FACEB1AFB9204008FA782 /* Tests.swift */ = {isa = PBXFileReference; lastKnownFileType = sourcecode.swift; path = Tests.swift; sourceTree = "<group>"; };
		692CF3D622045DF100FC5D00 /* VideoSelectionController.xib */ = {isa = PBXFileReference; lastKnownFileType = file.xib; path = VideoSelectionController.xib; sourceTree = "<group>"; };
		692CF3D822046F0A00FC5D00 /* VideoSelectionController.swift */ = {isa = PBXFileReference; lastKnownFileType = sourcecode.swift; path = VideoSelectionController.swift; sourceTree = "<group>"; };
		692CF3DA2204708700FC5D00 /* VideoCell.xib */ = {isa = PBXFileReference; lastKnownFileType = file.xib; path = VideoCell.xib; sourceTree = "<group>"; };
		692CF3DC2204711100FC5D00 /* VideoCell.swift */ = {isa = PBXFileReference; lastKnownFileType = sourcecode.swift; path = VideoCell.swift; sourceTree = "<group>"; };
		6935FF212200A02D005E4FAA /* AnalysisController.swift */ = {isa = PBXFileReference; lastKnownFileType = sourcecode.swift; path = AnalysisController.swift; sourceTree = "<group>"; };
		6935FF232200AE00005E4FAA /* AnalysisController.xib */ = {isa = PBXFileReference; lastKnownFileType = file.xib; path = AnalysisController.xib; sourceTree = "<group>"; };
		6935FF2A2202F438005E4FAA /* Array+Additions.swift */ = {isa = PBXFileReference; lastKnownFileType = sourcecode.swift; path = "Array+Additions.swift"; sourceTree = "<group>"; };
		69E32C902209D68500EF84F0 /* CacheManager.swift */ = {isa = PBXFileReference; lastKnownFileType = sourcecode.swift; path = CacheManager.swift; sourceTree = "<group>"; };
		69E32C922209DDAE00EF84F0 /* FileNamer.swift */ = {isa = PBXFileReference; lastKnownFileType = sourcecode.swift; path = FileNamer.swift; sourceTree = "<group>"; };
		6E75238D061C1DCA3A28F1F5 /* Pods_TechniqueAnalysis_Example.framework */ = {isa = PBXFileReference; explicitFileType = wrapper.framework; includeInIndex = 0; path = Pods_TechniqueAnalysis_Example.framework; sourceTree = BUILT_PRODUCTS_DIR; };
		7A49583CD828D24657F9D442 /* Pods-TechniqueAnalysis_Tests.release.xcconfig */ = {isa = PBXFileReference; includeInIndex = 1; lastKnownFileType = text.xcconfig; name = "Pods-TechniqueAnalysis_Tests.release.xcconfig"; path = "Pods/Target Support Files/Pods-TechniqueAnalysis_Tests/Pods-TechniqueAnalysis_Tests.release.xcconfig"; sourceTree = "<group>"; };
		7BAD2021A5C84470F9DC56C3 /* LICENSE */ = {isa = PBXFileReference; includeInIndex = 1; lastKnownFileType = text; name = LICENSE; path = ../LICENSE; sourceTree = "<group>"; };
		9F892BF4DF4CB9E64D9476A0 /* Pods-TechniqueAnalysis_Example.debug.xcconfig */ = {isa = PBXFileReference; includeInIndex = 1; lastKnownFileType = text.xcconfig; name = "Pods-TechniqueAnalysis_Example.debug.xcconfig"; path = "Pods/Target Support Files/Pods-TechniqueAnalysis_Example/Pods-TechniqueAnalysis_Example.debug.xcconfig"; sourceTree = "<group>"; };
		A872C7D8C03FF575FB99109B /* Pods_TechniqueAnalysis_Tests.framework */ = {isa = PBXFileReference; explicitFileType = wrapper.framework; includeInIndex = 0; path = Pods_TechniqueAnalysis_Tests.framework; sourceTree = BUILT_PRODUCTS_DIR; };
		D060DFA83705C3996DA014AD /* Pods-TechniqueAnalysis_Tests.debug.xcconfig */ = {isa = PBXFileReference; includeInIndex = 1; lastKnownFileType = text.xcconfig; name = "Pods-TechniqueAnalysis_Tests.debug.xcconfig"; path = "Pods/Target Support Files/Pods-TechniqueAnalysis_Tests/Pods-TechniqueAnalysis_Tests.debug.xcconfig"; sourceTree = "<group>"; };
		E4B56A48B016510EE4EE6C14 /* Pods-TechniqueAnalysis_Example.release.xcconfig */ = {isa = PBXFileReference; includeInIndex = 1; lastKnownFileType = text.xcconfig; name = "Pods-TechniqueAnalysis_Example.release.xcconfig"; path = "Pods/Target Support Files/Pods-TechniqueAnalysis_Example/Pods-TechniqueAnalysis_Example.release.xcconfig"; sourceTree = "<group>"; };
/* End PBXFileReference section */

/* Begin PBXFrameworksBuildPhase section */
		607FACCD1AFB9204008FA782 /* Frameworks */ = {
			isa = PBXFrameworksBuildPhase;
			buildActionMask = 2147483647;
			files = (
				231AE2EB9B3F00CD1D9E0E3D /* Pods_TechniqueAnalysis_Example.framework in Frameworks */,
			);
			runOnlyForDeploymentPostprocessing = 0;
		};
		607FACE21AFB9204008FA782 /* Frameworks */ = {
			isa = PBXFrameworksBuildPhase;
			buildActionMask = 2147483647;
			files = (
				0BA918AB5D2FD40AFF092FC2 /* Pods_TechniqueAnalysis_Tests.framework in Frameworks */,
			);
			runOnlyForDeploymentPostprocessing = 0;
		};
/* End PBXFrameworksBuildPhase section */

/* Begin PBXGroup section */
		0F55CE382203B08400CAF55B /* LabeledVideos */ = {
			isa = PBXGroup;
			children = (
				0F55CE702203B11600CAF55B /* bw-squat_bad-heels_front.mov */,
				0F55CE692203B11600CAF55B /* bw-squat_bad-heels_right.mov */,
				0F55CE732203B11700CAF55B /* bw-squat_bad-upper-body_front.mov */,
				0F55CE642203B11600CAF55B /* bw-squat_bad-upper-body_right.mov */,
				0F55CE792203B11700CAF55B /* bw-squat_caving-knees_front.mov */,
				0F55CE772203B11700CAF55B /* bw-squat_caving-knees_right.mov */,
				0F55CE6E2203B11600CAF55B /* bw-squat_correct_front.mov */,
				0F55CE762203B11700CAF55B /* bw-squat_correct_right.mov */,
				0F55CE752203B11700CAF55B /* pull-up_chin-below-bar_back.mov */,
				0F55CE6F2203B11600CAF55B /* pull-up_chin-below-bar_front.mov */,
				0F55CE6C2203B11600CAF55B /* pull-up_chin-below-bar_right.mov */,
				0F55CE7A2203B11700CAF55B /* pull-up_correct_back.mov */,
				0F55CE662203B11600CAF55B /* pull-up_correct_front.mov */,
				0F55CE6B2203B11600CAF55B /* pull-up_correct_right.mov */,
				0F55CE672203B11600CAF55B /* pull-up_kipping_back.mov */,
				0F55CE682203B11600CAF55B /* pull-up_kipping_front.mov */,
				0F55CE712203B11600CAF55B /* pull-up_kipping_right.mov */,
				0F55CE6D2203B11600CAF55B /* push-up_correct_front.mov */,
				0F55CE742203B11700CAF55B /* push-up_correct_left.mov */,
				0F55CE6A2203B11600CAF55B /* push-up_upper-body-first_front.mov */,
				0F55CE652203B11600CAF55B /* push-up_upper-body-first_left.mov */,
				0F55CE722203B11600CAF55B /* push-up_wide-arms_front.mov */,
				0F55CE782203B11700CAF55B /* push-up_wide-arms_left.mov */,
			);
			path = LabeledVideos;
			sourceTree = "<group>";
		};
		0F55CE392203B09300CAF55B /* UnlabeledVideos */ = {
			isa = PBXGroup;
			children = (
				0F55CE442203B0EF00CAF55B /* test_bw-squat_bad-heels_front.mov */,
				0F55CE472203B0F000CAF55B /* test_bw-squat_bad-heels_left.mov */,
				0F55CE3B2203B0EF00CAF55B /* test_bw-squat_bad-upper-body_front.mov */,
				0F55CE3E2203B0EF00CAF55B /* test_bw-squat_bad-upper-body_left.mov */,
				0F55CE3D2203B0EF00CAF55B /* test_bw-squat_correct_front.mov */,
				0F55CE3A2203B0EF00CAF55B /* test_bw-squat_correct_left.mov */,
				0F55CE402203B0EF00CAF55B /* test_pull-up_chin-below-bar_back.mov */,
				0F55CE462203B0F000CAF55B /* test_pull-up_chin-below-bar_front.mov */,
				0F55CE452203B0EF00CAF55B /* test_pull-up_chin-below-bar_right.mov */,
				0F55CE4D2203B0F000CAF55B /* test_pull-up_correct_back.mov */,
				0F55CE482203B0F000CAF55B /* test_pull-up_correct_front.mov */,
				0F55CE4E2203B0F000CAF55B /* test_pull-up_correct_right.mov */,
				0F55CE492203B0F000CAF55B /* test_pull-up_kipping_back.mov */,
				0F55CE4A2203B0F000CAF55B /* test_pull-up_kipping_front.mov */,
				0F55CE3C2203B0EF00CAF55B /* test_pull-up_kipping_right.mov */,
				0F55CE412203B0EF00CAF55B /* test_push-up_correct_front.mov */,
				0F55CE4B2203B0F000CAF55B /* test_push-up_correct_left.mov */,
				0F55CE4C2203B0F000CAF55B /* test_push-up_upper-body-first_front.mov */,
				0F55CE432203B0EF00CAF55B /* test_push-up_upper-body-first_left.mov */,
				0F55CE422203B0EF00CAF55B /* test_push-up_wide-arms_front.mov */,
				0F55CE3F2203B0EF00CAF55B /* test_push-up_wide-arms_left.mov */,
			);
			path = UnlabeledVideos;
			sourceTree = "<group>";
		};
		0F55CE922203B28D00CAF55B /* Extensions */ = {
			isa = PBXGroup;
			children = (
				6935FF2A2202F438005E4FAA /* Array+Additions.swift */,
				0F9A695421C7085A000502B7 /* BodyPart+Additions.swift */,
			);
			path = Extensions;
			sourceTree = "<group>";
		};
		0F55CE932203B2A500CAF55B /* Utils */ = {
			isa = PBXGroup;
			children = (
				69E32C902209D68500EF84F0 /* CacheManager.swift */,
				69E32C922209DDAE00EF84F0 /* FileNamer.swift */,
				0F55CE942203B2BF00CAF55B /* VideoManager.swift */,
			);
			path = Utils;
			sourceTree = "<group>";
		};
		0F9A693C21C7083A000502B7 /* Controllers */ = {
			isa = PBXGroup;
			children = (
				6935FF212200A02D005E4FAA /* AnalysisController.swift */,
				0F9A693E21C7083A000502B7 /* HeatmapController.swift */,
				0F9A693F21C7083A000502B7 /* JointController.swift */,
				0F9A693D21C7083A000502B7 /* RootController.swift */,
				692CF3D822046F0A00FC5D00 /* VideoSelectionController.swift */,
			);
			path = Controllers;
			sourceTree = "<group>";
		};
		0F9A694021C7083A000502B7 /* Views */ = {
			isa = PBXGroup;
			children = (
				6935FF232200AE00005E4FAA /* AnalysisController.xib */,
				0F9A694521C7083A000502B7 /* HeatmapController.xib */,
				0F9A694721C7083A000502B7 /* JointController.xib */,
				0F9A694621C7083A000502B7 /* LabelCell.swift */,
				0F9A694121C7083A000502B7 /* LabelCell.xib */,
				0F9A694321C7083A000502B7 /* LaunchScreen.xib */,
				0F9A694221C7083A000502B7 /* RootController.xib */,
				692CF3DC2204711100FC5D00 /* VideoCell.swift */,
				692CF3DA2204708700FC5D00 /* VideoCell.xib */,
				692CF3D622045DF100FC5D00 /* VideoSelectionController.xib */,
			);
			path = Views;
			sourceTree = "<group>";
		};
		0F9A694821C7083A000502B7 /* Coordinators */ = {
			isa = PBXGroup;
			children = (
				0F9A694921C7083A000502B7 /* RootCoordinator.swift */,
			);
			path = Coordinators;
			sourceTree = "<group>";
		};
		607FACC71AFB9204008FA782 = {
			isa = PBXGroup;
			children = (
				607FACF51AFB993E008FA782 /* Podspec Metadata */,
				607FACD21AFB9204008FA782 /* Example for TechniqueAnalysis */,
				607FACE81AFB9204008FA782 /* Tests */,
				607FACD11AFB9204008FA782 /* Products */,
				875340FEDBC67B05788410B6 /* Pods */,
				FA2A0349CA740A0931050494 /* Frameworks */,
			);
			sourceTree = "<group>";
		};
		607FACD11AFB9204008FA782 /* Products */ = {
			isa = PBXGroup;
			children = (
				607FACD01AFB9204008FA782 /* TechniqueAnalysis_Example.app */,
				607FACE51AFB9204008FA782 /* TechniqueAnalysis_Tests.xctest */,
			);
			name = Products;
			sourceTree = "<group>";
		};
		607FACD21AFB9204008FA782 /* Example for TechniqueAnalysis */ = {
			isa = PBXGroup;
			children = (
				607FACD51AFB9204008FA782 /* AppDelegate.swift */,
				0F55CE922203B28D00CAF55B /* Extensions */,
				0F9A693C21C7083A000502B7 /* Controllers */,
				0F9A694821C7083A000502B7 /* Coordinators */,
				0F9A694021C7083A000502B7 /* Views */,
				0F55CE932203B2A500CAF55B /* Utils */,
				607FACDC1AFB9204008FA782 /* Images.xcassets */,
				607FACD31AFB9204008FA782 /* Supporting Files */,
			);
			name = "Example for TechniqueAnalysis";
			path = TechniqueAnalysis;
			sourceTree = "<group>";
		};
		607FACD31AFB9204008FA782 /* Supporting Files */ = {
			isa = PBXGroup;
			children = (
				0F55CE382203B08400CAF55B /* LabeledVideos */,
				0F55CE392203B09300CAF55B /* UnlabeledVideos */,
				607FACD41AFB9204008FA782 /* Info.plist */,
			);
			name = "Supporting Files";
			sourceTree = "<group>";
		};
		607FACE81AFB9204008FA782 /* Tests */ = {
			isa = PBXGroup;
			children = (
				607FACEB1AFB9204008FA782 /* Tests.swift */,
				607FACE91AFB9204008FA782 /* Supporting Files */,
			);
			path = Tests;
			sourceTree = "<group>";
		};
		607FACE91AFB9204008FA782 /* Supporting Files */ = {
			isa = PBXGroup;
			children = (
				607FACEA1AFB9204008FA782 /* Info.plist */,
			);
			name = "Supporting Files";
			sourceTree = "<group>";
		};
		607FACF51AFB993E008FA782 /* Podspec Metadata */ = {
			isa = PBXGroup;
			children = (
				03C4E4CAFAED6DB9633D4AD7 /* TechniqueAnalysis.podspec */,
				0CB2040436CAF317D88C8496 /* README.md */,
				7BAD2021A5C84470F9DC56C3 /* LICENSE */,
			);
			name = "Podspec Metadata";
			sourceTree = "<group>";
		};
		875340FEDBC67B05788410B6 /* Pods */ = {
			isa = PBXGroup;
			children = (
				9F892BF4DF4CB9E64D9476A0 /* Pods-TechniqueAnalysis_Example.debug.xcconfig */,
				E4B56A48B016510EE4EE6C14 /* Pods-TechniqueAnalysis_Example.release.xcconfig */,
				D060DFA83705C3996DA014AD /* Pods-TechniqueAnalysis_Tests.debug.xcconfig */,
				7A49583CD828D24657F9D442 /* Pods-TechniqueAnalysis_Tests.release.xcconfig */,
			);
			name = Pods;
			sourceTree = "<group>";
		};
		FA2A0349CA740A0931050494 /* Frameworks */ = {
			isa = PBXGroup;
			children = (
				6E75238D061C1DCA3A28F1F5 /* Pods_TechniqueAnalysis_Example.framework */,
				A872C7D8C03FF575FB99109B /* Pods_TechniqueAnalysis_Tests.framework */,
			);
			name = Frameworks;
			sourceTree = "<group>";
		};
/* End PBXGroup section */

/* Begin PBXNativeTarget section */
		607FACCF1AFB9204008FA782 /* TechniqueAnalysis_Example */ = {
			isa = PBXNativeTarget;
			buildConfigurationList = 607FACEF1AFB9204008FA782 /* Build configuration list for PBXNativeTarget "TechniqueAnalysis_Example" */;
			buildPhases = (
				0F9A695721C70A09000502B7 /* ShellScript */,
				121FB186106BB70E194861F9 /* [CP] Check Pods Manifest.lock */,
				607FACCC1AFB9204008FA782 /* Sources */,
				607FACCD1AFB9204008FA782 /* Frameworks */,
				607FACCE1AFB9204008FA782 /* Resources */,
				1EA09B1FFD1AD265280BEC5D /* [CP] Embed Pods Frameworks */,
			);
			buildRules = (
			);
			dependencies = (
			);
			name = TechniqueAnalysis_Example;
			productName = TechniqueAnalysis;
			productReference = 607FACD01AFB9204008FA782 /* TechniqueAnalysis_Example.app */;
			productType = "com.apple.product-type.application";
		};
		607FACE41AFB9204008FA782 /* TechniqueAnalysis_Tests */ = {
			isa = PBXNativeTarget;
			buildConfigurationList = 607FACF21AFB9204008FA782 /* Build configuration list for PBXNativeTarget "TechniqueAnalysis_Tests" */;
			buildPhases = (
				17946BE953F3112E105400D1 /* [CP] Check Pods Manifest.lock */,
				607FACE11AFB9204008FA782 /* Sources */,
				607FACE21AFB9204008FA782 /* Frameworks */,
				607FACE31AFB9204008FA782 /* Resources */,
			);
			buildRules = (
			);
			dependencies = (
				607FACE71AFB9204008FA782 /* PBXTargetDependency */,
			);
			name = TechniqueAnalysis_Tests;
			productName = Tests;
			productReference = 607FACE51AFB9204008FA782 /* TechniqueAnalysis_Tests.xctest */;
			productType = "com.apple.product-type.bundle.unit-test";
		};
/* End PBXNativeTarget section */

/* Begin PBXProject section */
		607FACC81AFB9204008FA782 /* Project object */ = {
			isa = PBXProject;
			attributes = {
				LastSwiftUpdateCheck = 0830;
				LastUpgradeCheck = 1010;
				ORGANIZATIONNAME = CocoaPods;
				TargetAttributes = {
					607FACCF1AFB9204008FA782 = {
						CreatedOnToolsVersion = 6.3.1;
						DevelopmentTeam = BHARXK9H43;
						LastSwiftMigration = 0900;
					};
					607FACE41AFB9204008FA782 = {
						CreatedOnToolsVersion = 6.3.1;
						DevelopmentTeam = BHARXK9H43;
						LastSwiftMigration = 0900;
						TestTargetID = 607FACCF1AFB9204008FA782;
					};
				};
			};
			buildConfigurationList = 607FACCB1AFB9204008FA782 /* Build configuration list for PBXProject "TechniqueAnalysis" */;
			compatibilityVersion = "Xcode 3.2";
			developmentRegion = English;
			hasScannedForEncodings = 0;
			knownRegions = (
				en,
				Base,
			);
			mainGroup = 607FACC71AFB9204008FA782;
			productRefGroup = 607FACD11AFB9204008FA782 /* Products */;
			projectDirPath = "";
			projectRoot = "";
			targets = (
				607FACCF1AFB9204008FA782 /* TechniqueAnalysis_Example */,
				607FACE41AFB9204008FA782 /* TechniqueAnalysis_Tests */,
			);
		};
/* End PBXProject section */

/* Begin PBXResourcesBuildPhase section */
		607FACCE1AFB9204008FA782 /* Resources */ = {
			isa = PBXResourcesBuildPhase;
			buildActionMask = 2147483647;
			files = (
				0F55CEA72203B57E00CAF55B /* test_push-up_upper-body-first_front.mov in Resources */,
				0F55CEAD2203B58C00CAF55B /* bw-squat_bad-upper-body_front.mov in Resources */,
				0F55CEB72203B58C00CAF55B /* pull-up_correct_front.mov in Resources */,
				0F55CEAB2203B58C00CAF55B /* bw-squat_bad-heels_front.mov in Resources */,
				0F55CEAF2203B58C00CAF55B /* bw-squat_caving-knees_front.mov in Resources */,
				0F55CEA42203B57E00CAF55B /* test_pull-up_kipping_right.mov in Resources */,
				0F55CEBC2203B58C00CAF55B /* push-up_correct_front.mov in Resources */,
				0F55CEB32203B58C00CAF55B /* pull-up_chin-below-bar_back.mov in Resources */,
				0F55CEA82203B57E00CAF55B /* test_push-up_upper-body-first_left.mov in Resources */,
				0F55CEBB2203B58C00CAF55B /* pull-up_kipping_right.mov in Resources */,
				0F9A695021C7083A000502B7 /* HeatmapController.xib in Resources */,
				0F55CEA92203B57E00CAF55B /* test_push-up_wide-arms_front.mov in Resources */,
				0F55CEB92203B58C00CAF55B /* pull-up_kipping_back.mov in Resources */,
				0F55CE982203B57E00CAF55B /* test_bw-squat_bad-upper-body_front.mov in Resources */,
				0F55CEBD2203B58C00CAF55B /* push-up_correct_left.mov in Resources */,
				0F55CEB12203B58C00CAF55B /* bw-squat_correct_front.mov in Resources */,
				0F9A694D21C7083A000502B7 /* LabelCell.xib in Resources */,
				0F55CE9A2203B57E00CAF55B /* test_bw-squat_correct_front.mov in Resources */,
				0F9A695221C7083A000502B7 /* JointController.xib in Resources */,
				0F55CEA52203B57E00CAF55B /* test_push-up_correct_front.mov in Resources */,
				0F55CEAE2203B58C00CAF55B /* bw-squat_bad-upper-body_right.mov in Resources */,
				0F55CEAA2203B57E00CAF55B /* test_push-up_wide-arms_left.mov in Resources */,
				0F55CEB22203B58C00CAF55B /* bw-squat_correct_right.mov in Resources */,
				0F55CE972203B57E00CAF55B /* test_bw-squat_bad-heels_left.mov in Resources */,
				0F55CEBA2203B58C00CAF55B /* pull-up_kipping_front.mov in Resources */,
				0F55CEC12203B58C00CAF55B /* push-up_wide-arms_left.mov in Resources */,
				692CF3D722045DF100FC5D00 /* VideoSelectionController.xib in Resources */,
				607FACDD1AFB9204008FA782 /* Images.xcassets in Resources */,
				0F55CEBF2203B58C00CAF55B /* push-up_upper-body-first_left.mov in Resources */,
				0F55CEA62203B57E00CAF55B /* test_push-up_correct_left.mov in Resources */,
				0F55CEB82203B58C00CAF55B /* pull-up_correct_right.mov in Resources */,
				0F55CEC02203B58C00CAF55B /* push-up_wide-arms_front.mov in Resources */,
				0F55CE992203B57E00CAF55B /* test_bw-squat_bad-upper-body_left.mov in Resources */,
				0F55CEA22203B57E00CAF55B /* test_pull-up_kipping_back.mov in Resources */,
				0F55CE962203B57E00CAF55B /* test_bw-squat_bad-heels_front.mov in Resources */,
				0F55CEB62203B58C00CAF55B /* pull-up_correct_back.mov in Resources */,
				0F55CEA02203B57E00CAF55B /* test_pull-up_correct_front.mov in Resources */,
				0F55CEA12203B57E00CAF55B /* test_pull-up_correct_right.mov in Resources */,
				0F55CE9F2203B57E00CAF55B /* test_pull-up_correct_back.mov in Resources */,
				0F55CEBE2203B58C00CAF55B /* push-up_upper-body-first_front.mov in Resources */,
				0F55CEA32203B57E00CAF55B /* test_pull-up_kipping_front.mov in Resources */,
				0F55CE9D2203B57E00CAF55B /* test_pull-up_chin-below-bar_front.mov in Resources */,
				0F55CEB02203B58C00CAF55B /* bw-squat_caving-knees_right.mov in Resources */,
				0F55CE9E2203B57E00CAF55B /* test_pull-up_chin-below-bar_right.mov in Resources */,
				0F9A694F21C7083A000502B7 /* LaunchScreen.xib in Resources */,
				692CF3DB2204708700FC5D00 /* VideoCell.xib in Resources */,
				0F55CEB42203B58C00CAF55B /* pull-up_chin-below-bar_front.mov in Resources */,
				0F55CEB52203B58C00CAF55B /* pull-up_chin-below-bar_right.mov in Resources */,
				0F55CE9B2203B57E00CAF55B /* test_bw-squat_correct_left.mov in Resources */,
				0F9A694E21C7083A000502B7 /* RootController.xib in Resources */,
				0F55CEAC2203B58C00CAF55B /* bw-squat_bad-heels_right.mov in Resources */,
				6935FF242200AE00005E4FAA /* AnalysisController.xib in Resources */,
				0F55CE9C2203B57E00CAF55B /* test_pull-up_chin-below-bar_back.mov in Resources */,
			);
			runOnlyForDeploymentPostprocessing = 0;
		};
		607FACE31AFB9204008FA782 /* Resources */ = {
			isa = PBXResourcesBuildPhase;
			buildActionMask = 2147483647;
			files = (
			);
			runOnlyForDeploymentPostprocessing = 0;
		};
/* End PBXResourcesBuildPhase section */

/* Begin PBXShellScriptBuildPhase section */
		0F9A695721C70A09000502B7 /* ShellScript */ = {
			isa = PBXShellScriptBuildPhase;
			buildActionMask = 2147483647;
			files = (
			);
			inputFileListPaths = (
			);
			inputPaths = (
			);
			outputFileListPaths = (
			);
			outputPaths = (
			);
			runOnlyForDeploymentPostprocessing = 0;
			shellPath = /bin/sh;
			shellScript = "if which swiftlint >/dev/null; then\nswiftlint\nelse\necho \"warning: SwiftLint not installed, download from https://github.com/realm/SwiftLint\"\nfi\n";
		};
		121FB186106BB70E194861F9 /* [CP] Check Pods Manifest.lock */ = {
			isa = PBXShellScriptBuildPhase;
			buildActionMask = 2147483647;
			files = (
			);
			inputFileListPaths = (
			);
			inputPaths = (
				"${PODS_PODFILE_DIR_PATH}/Podfile.lock",
				"${PODS_ROOT}/Manifest.lock",
			);
			name = "[CP] Check Pods Manifest.lock";
			outputFileListPaths = (
			);
			outputPaths = (
				"$(DERIVED_FILE_DIR)/Pods-TechniqueAnalysis_Example-checkManifestLockResult.txt",
			);
			runOnlyForDeploymentPostprocessing = 0;
			shellPath = /bin/sh;
			shellScript = "diff \"${PODS_PODFILE_DIR_PATH}/Podfile.lock\" \"${PODS_ROOT}/Manifest.lock\" > /dev/null\nif [ $? != 0 ] ; then\n    # print error to STDERR\n    echo \"error: The sandbox is not in sync with the Podfile.lock. Run 'pod install' or update your CocoaPods installation.\" >&2\n    exit 1\nfi\n# This output is used by Xcode 'outputs' to avoid re-running this script phase.\necho \"SUCCESS\" > \"${SCRIPT_OUTPUT_FILE_0}\"\n";
			showEnvVarsInLog = 0;
		};
		17946BE953F3112E105400D1 /* [CP] Check Pods Manifest.lock */ = {
			isa = PBXShellScriptBuildPhase;
			buildActionMask = 2147483647;
			files = (
			);
			inputFileListPaths = (
			);
			inputPaths = (
				"${PODS_PODFILE_DIR_PATH}/Podfile.lock",
				"${PODS_ROOT}/Manifest.lock",
			);
			name = "[CP] Check Pods Manifest.lock";
			outputFileListPaths = (
			);
			outputPaths = (
				"$(DERIVED_FILE_DIR)/Pods-TechniqueAnalysis_Tests-checkManifestLockResult.txt",
			);
			runOnlyForDeploymentPostprocessing = 0;
			shellPath = /bin/sh;
			shellScript = "diff \"${PODS_PODFILE_DIR_PATH}/Podfile.lock\" \"${PODS_ROOT}/Manifest.lock\" > /dev/null\nif [ $? != 0 ] ; then\n    # print error to STDERR\n    echo \"error: The sandbox is not in sync with the Podfile.lock. Run 'pod install' or update your CocoaPods installation.\" >&2\n    exit 1\nfi\n# This output is used by Xcode 'outputs' to avoid re-running this script phase.\necho \"SUCCESS\" > \"${SCRIPT_OUTPUT_FILE_0}\"\n";
			showEnvVarsInLog = 0;
		};
		1EA09B1FFD1AD265280BEC5D /* [CP] Embed Pods Frameworks */ = {
			isa = PBXShellScriptBuildPhase;
			buildActionMask = 2147483647;
			files = (
			);
			inputFileListPaths = (
			);
			inputPaths = (
				"${SRCROOT}/Pods/Target Support Files/Pods-TechniqueAnalysis_Example/Pods-TechniqueAnalysis_Example-frameworks.sh",
				"${BUILT_PRODUCTS_DIR}/TechniqueAnalysis/TechniqueAnalysis.framework",
			);
			name = "[CP] Embed Pods Frameworks";
			outputFileListPaths = (
			);
			outputPaths = (
				"${TARGET_BUILD_DIR}/${FRAMEWORKS_FOLDER_PATH}/TechniqueAnalysis.framework",
			);
			runOnlyForDeploymentPostprocessing = 0;
			shellPath = /bin/sh;
			shellScript = "\"${SRCROOT}/Pods/Target Support Files/Pods-TechniqueAnalysis_Example/Pods-TechniqueAnalysis_Example-frameworks.sh\"\n";
			showEnvVarsInLog = 0;
		};
/* End PBXShellScriptBuildPhase section */

/* Begin PBXSourcesBuildPhase section */
		607FACCC1AFB9204008FA782 /* Sources */ = {
			isa = PBXSourcesBuildPhase;
			buildActionMask = 2147483647;
			files = (
				69E32C912209D68500EF84F0 /* CacheManager.swift in Sources */,
				6935FF2B2202F438005E4FAA /* Array+Additions.swift in Sources */,
				0F9A694C21C7083A000502B7 /* JointController.swift in Sources */,
				607FACD61AFB9204008FA782 /* AppDelegate.swift in Sources */,
				0F9A694B21C7083A000502B7 /* HeatmapController.swift in Sources */,
				0F9A695121C7083A000502B7 /* LabelCell.swift in Sources */,
				692CF3DD2204711100FC5D00 /* VideoCell.swift in Sources */,
				692CF3D922046F0A00FC5D00 /* VideoSelectionController.swift in Sources */,
				6935FF222200A02D005E4FAA /* AnalysisController.swift in Sources */,
				0F9A694A21C7083A000502B7 /* RootController.swift in Sources */,
				0F55CE952203B2BF00CAF55B /* VideoManager.swift in Sources */,
				0F9A695321C7083A000502B7 /* RootCoordinator.swift in Sources */,
				0F9A695521C7085A000502B7 /* BodyPart+Additions.swift in Sources */,
				69E32C932209DDAE00EF84F0 /* FileNamer.swift in Sources */,
			);
			runOnlyForDeploymentPostprocessing = 0;
		};
		607FACE11AFB9204008FA782 /* Sources */ = {
			isa = PBXSourcesBuildPhase;
			buildActionMask = 2147483647;
			files = (
				607FACEC1AFB9204008FA782 /* Tests.swift in Sources */,
			);
			runOnlyForDeploymentPostprocessing = 0;
		};
/* End PBXSourcesBuildPhase section */

/* Begin PBXTargetDependency section */
		607FACE71AFB9204008FA782 /* PBXTargetDependency */ = {
			isa = PBXTargetDependency;
			target = 607FACCF1AFB9204008FA782 /* TechniqueAnalysis_Example */;
			targetProxy = 607FACE61AFB9204008FA782 /* PBXContainerItemProxy */;
		};
/* End PBXTargetDependency section */

/* Begin PBXVariantGroup section */
		0F9A694321C7083A000502B7 /* LaunchScreen.xib */ = {
			isa = PBXVariantGroup;
			children = (
				0F9A694421C7083A000502B7 /* Base */,
			);
			name = LaunchScreen.xib;
			sourceTree = "<group>";
		};
/* End PBXVariantGroup section */

/* Begin XCBuildConfiguration section */
		607FACED1AFB9204008FA782 /* Debug */ = {
			isa = XCBuildConfiguration;
			buildSettings = {
				ALWAYS_SEARCH_USER_PATHS = NO;
				CLANG_CXX_LANGUAGE_STANDARD = "gnu++0x";
				CLANG_CXX_LIBRARY = "libc++";
				CLANG_ENABLE_MODULES = YES;
				CLANG_ENABLE_OBJC_ARC = YES;
				CLANG_WARN_BLOCK_CAPTURE_AUTORELEASING = YES;
				CLANG_WARN_BOOL_CONVERSION = YES;
				CLANG_WARN_COMMA = YES;
				CLANG_WARN_CONSTANT_CONVERSION = YES;
				CLANG_WARN_DEPRECATED_OBJC_IMPLEMENTATIONS = YES;
				CLANG_WARN_DIRECT_OBJC_ISA_USAGE = YES_ERROR;
				CLANG_WARN_EMPTY_BODY = YES;
				CLANG_WARN_ENUM_CONVERSION = YES;
				CLANG_WARN_INFINITE_RECURSION = YES;
				CLANG_WARN_INT_CONVERSION = YES;
				CLANG_WARN_NON_LITERAL_NULL_CONVERSION = YES;
				CLANG_WARN_OBJC_IMPLICIT_RETAIN_SELF = YES;
				CLANG_WARN_OBJC_LITERAL_CONVERSION = YES;
				CLANG_WARN_OBJC_ROOT_CLASS = YES_ERROR;
				CLANG_WARN_RANGE_LOOP_ANALYSIS = YES;
				CLANG_WARN_STRICT_PROTOTYPES = YES;
				CLANG_WARN_SUSPICIOUS_MOVE = YES;
				CLANG_WARN_UNREACHABLE_CODE = YES;
				CLANG_WARN__DUPLICATE_METHOD_MATCH = YES;
				"CODE_SIGN_IDENTITY[sdk=iphoneos*]" = "iPhone Developer";
				COPY_PHASE_STRIP = NO;
				DEBUG_INFORMATION_FORMAT = "dwarf-with-dsym";
				ENABLE_STRICT_OBJC_MSGSEND = YES;
				ENABLE_TESTABILITY = YES;
				GCC_C_LANGUAGE_STANDARD = gnu99;
				GCC_DYNAMIC_NO_PIC = NO;
				GCC_NO_COMMON_BLOCKS = YES;
				GCC_OPTIMIZATION_LEVEL = 0;
				GCC_PREPROCESSOR_DEFINITIONS = (
					"DEBUG=1",
					"$(inherited)",
				);
				GCC_SYMBOLS_PRIVATE_EXTERN = NO;
				GCC_WARN_64_TO_32_BIT_CONVERSION = YES;
				GCC_WARN_ABOUT_RETURN_TYPE = YES_ERROR;
				GCC_WARN_UNDECLARED_SELECTOR = YES;
				GCC_WARN_UNINITIALIZED_AUTOS = YES_AGGRESSIVE;
				GCC_WARN_UNUSED_FUNCTION = YES;
				GCC_WARN_UNUSED_VARIABLE = YES;
				IPHONEOS_DEPLOYMENT_TARGET = 11.0;
				MTL_ENABLE_DEBUG_INFO = YES;
				ONLY_ACTIVE_ARCH = YES;
				SDKROOT = iphoneos;
				SWIFT_OPTIMIZATION_LEVEL = "-Onone";
			};
			name = Debug;
		};
		607FACEE1AFB9204008FA782 /* Release */ = {
			isa = XCBuildConfiguration;
			buildSettings = {
				ALWAYS_SEARCH_USER_PATHS = NO;
				CLANG_CXX_LANGUAGE_STANDARD = "gnu++0x";
				CLANG_CXX_LIBRARY = "libc++";
				CLANG_ENABLE_MODULES = YES;
				CLANG_ENABLE_OBJC_ARC = YES;
				CLANG_WARN_BLOCK_CAPTURE_AUTORELEASING = YES;
				CLANG_WARN_BOOL_CONVERSION = YES;
				CLANG_WARN_COMMA = YES;
				CLANG_WARN_CONSTANT_CONVERSION = YES;
				CLANG_WARN_DEPRECATED_OBJC_IMPLEMENTATIONS = YES;
				CLANG_WARN_DIRECT_OBJC_ISA_USAGE = YES_ERROR;
				CLANG_WARN_EMPTY_BODY = YES;
				CLANG_WARN_ENUM_CONVERSION = YES;
				CLANG_WARN_INFINITE_RECURSION = YES;
				CLANG_WARN_INT_CONVERSION = YES;
				CLANG_WARN_NON_LITERAL_NULL_CONVERSION = YES;
				CLANG_WARN_OBJC_IMPLICIT_RETAIN_SELF = YES;
				CLANG_WARN_OBJC_LITERAL_CONVERSION = YES;
				CLANG_WARN_OBJC_ROOT_CLASS = YES_ERROR;
				CLANG_WARN_RANGE_LOOP_ANALYSIS = YES;
				CLANG_WARN_STRICT_PROTOTYPES = YES;
				CLANG_WARN_SUSPICIOUS_MOVE = YES;
				CLANG_WARN_UNREACHABLE_CODE = YES;
				CLANG_WARN__DUPLICATE_METHOD_MATCH = YES;
				"CODE_SIGN_IDENTITY[sdk=iphoneos*]" = "iPhone Developer";
				COPY_PHASE_STRIP = NO;
				DEBUG_INFORMATION_FORMAT = "dwarf-with-dsym";
				ENABLE_NS_ASSERTIONS = NO;
				ENABLE_STRICT_OBJC_MSGSEND = YES;
				GCC_C_LANGUAGE_STANDARD = gnu99;
				GCC_NO_COMMON_BLOCKS = YES;
				GCC_WARN_64_TO_32_BIT_CONVERSION = YES;
				GCC_WARN_ABOUT_RETURN_TYPE = YES_ERROR;
				GCC_WARN_UNDECLARED_SELECTOR = YES;
				GCC_WARN_UNINITIALIZED_AUTOS = YES_AGGRESSIVE;
				GCC_WARN_UNUSED_FUNCTION = YES;
				GCC_WARN_UNUSED_VARIABLE = YES;
				IPHONEOS_DEPLOYMENT_TARGET = 11.0;
				MTL_ENABLE_DEBUG_INFO = NO;
				SDKROOT = iphoneos;
				SWIFT_OPTIMIZATION_LEVEL = "-Owholemodule";
				VALIDATE_PRODUCT = YES;
			};
			name = Release;
		};
		607FACF01AFB9204008FA782 /* Debug */ = {
			isa = XCBuildConfiguration;
			baseConfigurationReference = 9F892BF4DF4CB9E64D9476A0 /* Pods-TechniqueAnalysis_Example.debug.xcconfig */;
			buildSettings = {
				ASSETCATALOG_COMPILER_APPICON_NAME = AppIcon;
				DEVELOPMENT_TEAM = BHARXK9H43;
				INFOPLIST_FILE = TechniqueAnalysis/Info.plist;
				LD_RUNPATH_SEARCH_PATHS = "$(inherited) @executable_path/Frameworks";
				MODULE_NAME = ExampleApp;
				PRODUCT_BUNDLE_IDENTIFIER = "org.cocoapods.demo.$(PRODUCT_NAME:rfc1034identifier)";
				PRODUCT_NAME = "$(TARGET_NAME)";
				SWIFT_SWIFT3_OBJC_INFERENCE = Off;
				SWIFT_VERSION = 4.2;
			};
			name = Debug;
		};
		607FACF11AFB9204008FA782 /* Release */ = {
			isa = XCBuildConfiguration;
			baseConfigurationReference = E4B56A48B016510EE4EE6C14 /* Pods-TechniqueAnalysis_Example.release.xcconfig */;
			buildSettings = {
				ASSETCATALOG_COMPILER_APPICON_NAME = AppIcon;
				DEVELOPMENT_TEAM = BHARXK9H43;
				INFOPLIST_FILE = TechniqueAnalysis/Info.plist;
				LD_RUNPATH_SEARCH_PATHS = "$(inherited) @executable_path/Frameworks";
				MODULE_NAME = ExampleApp;
				PRODUCT_BUNDLE_IDENTIFIER = "org.cocoapods.demo.$(PRODUCT_NAME:rfc1034identifier)";
				PRODUCT_NAME = "$(TARGET_NAME)";
				SWIFT_SWIFT3_OBJC_INFERENCE = Off;
				SWIFT_VERSION = 4.2;
			};
			name = Release;
		};
		607FACF31AFB9204008FA782 /* Debug */ = {
			isa = XCBuildConfiguration;
			baseConfigurationReference = D060DFA83705C3996DA014AD /* Pods-TechniqueAnalysis_Tests.debug.xcconfig */;
			buildSettings = {
				DEVELOPMENT_TEAM = BHARXK9H43;
				FRAMEWORK_SEARCH_PATHS = (
					"$(SDKROOT)/Developer/Library/Frameworks",
					"$(inherited)",
				);
				GCC_PREPROCESSOR_DEFINITIONS = (
					"DEBUG=1",
					"$(inherited)",
				);
				INFOPLIST_FILE = Tests/Info.plist;
				LD_RUNPATH_SEARCH_PATHS = "$(inherited) @executable_path/Frameworks @loader_path/Frameworks";
				PRODUCT_BUNDLE_IDENTIFIER = "org.cocoapods.$(PRODUCT_NAME:rfc1034identifier)";
				PRODUCT_NAME = "$(TARGET_NAME)";
				SWIFT_SWIFT3_OBJC_INFERENCE = Off;
				SWIFT_VERSION = 4.2;
				TEST_HOST = "$(BUILT_PRODUCTS_DIR)/TechniqueAnalysis_Example.app/TechniqueAnalysis_Example";
			};
			name = Debug;
		};
		607FACF41AFB9204008FA782 /* Release */ = {
			isa = XCBuildConfiguration;
			baseConfigurationReference = 7A49583CD828D24657F9D442 /* Pods-TechniqueAnalysis_Tests.release.xcconfig */;
			buildSettings = {
				DEVELOPMENT_TEAM = BHARXK9H43;
				FRAMEWORK_SEARCH_PATHS = (
					"$(SDKROOT)/Developer/Library/Frameworks",
					"$(inherited)",
				);
				INFOPLIST_FILE = Tests/Info.plist;
				LD_RUNPATH_SEARCH_PATHS = "$(inherited) @executable_path/Frameworks @loader_path/Frameworks";
				PRODUCT_BUNDLE_IDENTIFIER = "org.cocoapods.$(PRODUCT_NAME:rfc1034identifier)";
				PRODUCT_NAME = "$(TARGET_NAME)";
				SWIFT_SWIFT3_OBJC_INFERENCE = Off;
				SWIFT_VERSION = 4.2;
				TEST_HOST = "$(BUILT_PRODUCTS_DIR)/TechniqueAnalysis_Example.app/TechniqueAnalysis_Example";
			};
			name = Release;
		};
/* End XCBuildConfiguration section */

/* Begin XCConfigurationList section */
		607FACCB1AFB9204008FA782 /* Build configuration list for PBXProject "TechniqueAnalysis" */ = {
			isa = XCConfigurationList;
			buildConfigurations = (
				607FACED1AFB9204008FA782 /* Debug */,
				607FACEE1AFB9204008FA782 /* Release */,
			);
			defaultConfigurationIsVisible = 0;
			defaultConfigurationName = Release;
		};
		607FACEF1AFB9204008FA782 /* Build configuration list for PBXNativeTarget "TechniqueAnalysis_Example" */ = {
			isa = XCConfigurationList;
			buildConfigurations = (
				607FACF01AFB9204008FA782 /* Debug */,
				607FACF11AFB9204008FA782 /* Release */,
			);
			defaultConfigurationIsVisible = 0;
			defaultConfigurationName = Release;
		};
		607FACF21AFB9204008FA782 /* Build configuration list for PBXNativeTarget "TechniqueAnalysis_Tests" */ = {
			isa = XCConfigurationList;
			buildConfigurations = (
				607FACF31AFB9204008FA782 /* Debug */,
				607FACF41AFB9204008FA782 /* Release */,
			);
			defaultConfigurationIsVisible = 0;
			defaultConfigurationName = Release;
		};
/* End XCConfigurationList section */
	};
	rootObject = 607FACC81AFB9204008FA782 /* Project object */;
}
